{
  "name": "stanye",
  "version": "1.0.2",
  "lockfileVersion": 1,
  "requires": true,
  "dependencies": {
    "@shuaijs/vuepress-plugin-baidu-autopush": {
      "version": "1.0.0",
      "resolved": "https://registry.npm.taobao.org/@shuaijs/vuepress-plugin-baidu-autopush/download/@shuaijs/vuepress-plugin-baidu-autopush-1.0.0.tgz?cache=0&sync_timestamp=1575602048324&other_urls=https%3A%2F%2Fregistry.npm.taobao.org%2F%40shuaijs%2Fvuepress-plugin-baidu-autopush%2Fdownload%2F%40shuaijs%2Fvuepress-plugin-baidu-autopush-1.0.0.tgz",
      "integrity": "sha1-IsKNjDPvaclGyF/5WcOv3MFigx0="
    }
  }
}
